
Microsoft Visual Studio Solution File, Format Version 12.00
# Visual Studio Version 17
VisualStudioVersion = 17.13.35818.85 d17.13
MinimumVisualStudioVersion = 10.0.40219.1
Project("{FAE04EC0-301F-11D3-BF4B-00C04F79EFBC}") = "API", "API\API.csproj", "{581D6E9A-9EBF-4F9C-85CD-4BAE0BA54967}"
EndProject
Project("{FAE04EC0-301F-11D3-BF4B-00C04F79EFBC}") = "Core", "Core\Core.csproj", "{9C631743-9D93-4AAF-97B9-E6E0C5533BE2}"
EndProject
Project("{FAE04EC0-301F-11D3-BF4B-00C04F79EFBC}") = "Infrastructure", "Infrastructure\Infrastructure.csproj", "{04FE4C93-6CC3-432F-8B19-49E1A4DCC5D1}"
EndProject
Global
	GlobalSection(SolutionConfigurationPlatforms) = preSolution
		Debug|Any CPU = Debug|Any CPU
		Release|Any CPU = Release|Any CPU
	EndGlobalSection
	GlobalSection(ProjectConfigurationPlatforms) = postSolution
		{581D6E9A-9EBF-4F9C-85CD-4BAE0BA54967}.Debug|Any CPU.ActiveCfg = Debug|Any CPU
		{581D6E9A-9EBF-4F9C-85CD-4BAE0BA54967}.Debug|Any CPU.Build.0 = Debug|Any CPU
		{581D6E9A-9EBF-4F9C-85CD-4BAE0BA54967}.Release|Any CPU.ActiveCfg = Release|Any CPU
		{581D6E9A-9EBF-4F9C-85CD-4BAE0BA54967}.Release|Any CPU.Build.0 = Release|Any CPU
		{9C631743-9D93-4AAF-97B9-E6E0C5533BE2}.Debug|Any CPU.ActiveCfg = Debug|Any CPU
		{9C631743-9D93-4AAF-97B9-E6E0C5533BE2}.Debug|Any CPU.Build.0 = Debug|Any CPU
		{9C631743-9D93-4AAF-97B9-E6E0C5533BE2}.Release|Any CPU.ActiveCfg = Release|Any CPU
		{9C631743-9D93-4AAF-97B9-E6E0C5533BE2}.Release|Any CPU.Build.0 = Release|Any CPU
		{04FE4C93-6CC3-432F-8B19-49E1A4DCC5D1}.Debug|Any CPU.ActiveCfg = Debug|Any CPU
		{04FE4C93-6CC3-432F-8B19-49E1A4DCC5D1}.Debug|Any CPU.Build.0 = Debug|Any CPU
		{04FE4C93-6CC3-432F-8B19-49E1A4DCC5D1}.Release|Any CPU.ActiveCfg = Release|Any CPU
		{04FE4C93-6CC3-432F-8B19-49E1A4DCC5D1}.Release|Any CPU.Build.0 = Release|Any CPU
	EndGlobalSection
	GlobalSection(SolutionProperties) = preSolution
		HideSolutionNode = FALSE
	EndGlobalSection
	GlobalSection(ExtensibilityGlobals) = postSolution
		SolutionGuid = {124B0DF3-3B31-4F96-8E26-9193A5C1281D}
	EndGlobalSection
EndGlobal
